
Microsoft Visual Studio Solution File, Format Version 12.00
# Visual Studio Version 17
VisualStudioVersion = 17.12.35527.113
MinimumVisualStudioVersion = 10.0.40219.1
Project("{FAE04EC0-301F-11D3-BF4B-00C04F79EFBC}") = "MVC web app", "MVC web app\MVC web app.csproj", "{2F70B7EC-4276-4231-93A4-95D3EDD84739}"
EndProject
Global
	GlobalSection(SolutionConfigurationPlatforms) = preSolution
		Debug|Any CPU = Debug|Any CPU
		Release|Any CPU = Release|Any CPU
	EndGlobalSection
	GlobalSection(ProjectConfigurationPlatforms) = postSolution
		{2F70B7EC-4276-4231-93A4-95D3EDD84739}.Debug|Any CPU.ActiveCfg = Debug|Any CPU
		{2F70B7EC-4276-4231-93A4-95D3EDD84739}.Debug|Any CPU.Build.0 = Debug|Any CPU
		{2F70B7EC-4276-4231-93A4-95D3EDD84739}.Release|Any CPU.ActiveCfg = Release|Any CPU
		{2F70B7EC-4276-4231-93A4-95D3EDD84739}.Release|Any CPU.Build.0 = Release|Any CPU
	EndGlobalSection
	GlobalSection(SolutionProperties) = preSolution
		HideSolutionNode = FALSE
	EndGlobalSection
EndGlobal
